
Microsoft Visual Studio Solution File, Format Version 12.00
# Visual Studio Version 16
VisualStudioVersion = 16.0.30717.126
MinimumVisualStudioVersion = 10.0.40219.1
Project("{2150E333-8FDC-42A3-9474-1A3956D46DE8}") = "Papyrus", "Papyrus", "{0C0B5440-5C8C-49D5-8EA1-B6D014CCF4C0}"
EndProject
Project("{FAE04EC0-301F-11D3-BF4B-00C04F79EFBC}") = "AppPapyrus", "PAPYRUS\AppPapyrus\AppPapyrus.csproj", "{3EB8E899-F8EB-4CEB-ABD4-2E698F9ECF34}"
EndProject
Project("{FAE04EC0-301F-11D3-BF4B-00C04F79EFBC}") = "ClassLibraryBusinessClasses", "PAPYRUS\ClassLibraryBusinessClasses\ClassLibraryBusinessClasses.csproj", "{4E21750A-5216-4F7E-A15E-28CB29AC6924}"
EndProject
Project("{FAE04EC0-301F-11D3-BF4B-00C04F79EFBC}") = "ClassLibraryPersistence", "PAPYRUS\ClassLibraryPersistence\ClassLibraryPersistence.csproj", "{8BDD2E24-5971-4B0F-BE02-D92972A45C9D}"
EndProject
Project("{FAE04EC0-301F-11D3-BF4B-00C04F79EFBC}") = "ClassLibrarySQLServerDataAccess", "PAPYRUS\ClassLibrarySQLServerDataAccess\ClassLibrarySQLServerDataAccess.csproj", "{B5D14904-39F9-46B9-94F6-0361F5845B9C}"
EndProject
Project("{2150E333-8FDC-42A3-9474-1A3956D46DE8}") = "Holding", "Holding", "{1A36F1D9-6FA4-4B60-9963-8D2B4DCED65F}"
EndProject
Project("{2150E333-8FDC-42A3-9474-1A3956D46DE8}") = "0-ApplicationLayer", "0-ApplicationLayer", "{074102F4-294B-4AA9-AF3B-5A5F8A4FEEF4}"
EndProject
Project("{2150E333-8FDC-42A3-9474-1A3956D46DE8}") = "1-BusinessLayer", "1-BusinessLayer", "{57A28BD6-7844-4C5A-9141-E74C88716846}"
EndProject
Project("{2150E333-8FDC-42A3-9474-1A3956D46DE8}") = "2-DatabaseLayer", "2-DatabaseLayer", "{1F37B949-7590-4A8C-B95B-AF1330AFAA21}"
EndProject
Project("{2150E333-8FDC-42A3-9474-1A3956D46DE8}") = "3-InterfaceBusinessDatabaseLayer", "3-InterfaceBusinessDatabaseLayer", "{85862F2F-17E7-45D7-A401-BEB24A0FF4BD}"
EndProject
Project("{FAE04EC0-301F-11D3-BF4B-00C04F79EFBC}") = "ClassLibrarySQLServer", "Holding\2-DatabaseLayer\ClassLibrarySQLServer\ClassLibrarySQLServer.csproj", "{69F2D70A-CA86-471A-86DB-1998CAE68A46}"
EndProject
Project("{FAE04EC0-301F-11D3-BF4B-00C04F79EFBC}") = "WindowsFormsAppHolding", "Holding\0-ApplicationLayer\WindowsFormsAppHolding\WindowsFormsAppHolding.csproj", "{49CE0D5F-BCE8-489D-8E66-E26A6AD0AF5B}"
EndProject
Project("{FAE04EC0-301F-11D3-BF4B-00C04F79EFBC}") = "ClassLibraryInterfaceBusinessDatabase", "Holding\3-InterfaceBusinessDatabaseLayer\ClassLibraryInterfaceBusinessDatabase\ClassLibraryInterfaceBusinessDatabase.csproj", "{4FBE952E-3F85-47F3-800F-6C21F08D2FB1}"
EndProject
Project("{FAE04EC0-301F-11D3-BF4B-00C04F79EFBC}") = "ClassLibraryBusinessLayer", "Holding\1-BusinessLayer\ClassLibraryBusinessLayer\ClassLibraryBusinessLayer.csproj", "{EEC2EF02-289A-433A-95F9-BFEDC6B187F3}"
EndProject
Global
	GlobalSection(SolutionConfigurationPlatforms) = preSolution
		Debug|Any CPU = Debug|Any CPU
		Release|Any CPU = Release|Any CPU
	EndGlobalSection
	GlobalSection(ProjectConfigurationPlatforms) = postSolution
		{3EB8E899-F8EB-4CEB-ABD4-2E698F9ECF34}.Debug|Any CPU.ActiveCfg = Debug|Any CPU
		{3EB8E899-F8EB-4CEB-ABD4-2E698F9ECF34}.Debug|Any CPU.Build.0 = Debug|Any CPU
		{3EB8E899-F8EB-4CEB-ABD4-2E698F9ECF34}.Release|Any CPU.ActiveCfg = Release|Any CPU
		{3EB8E899-F8EB-4CEB-ABD4-2E698F9ECF34}.Release|Any CPU.Build.0 = Release|Any CPU
		{4E21750A-5216-4F7E-A15E-28CB29AC6924}.Debug|Any CPU.ActiveCfg = Debug|Any CPU
		{4E21750A-5216-4F7E-A15E-28CB29AC6924}.Debug|Any CPU.Build.0 = Debug|Any CPU
		{4E21750A-5216-4F7E-A15E-28CB29AC6924}.Release|Any CPU.ActiveCfg = Release|Any CPU
		{4E21750A-5216-4F7E-A15E-28CB29AC6924}.Release|Any CPU.Build.0 = Release|Any CPU
		{8BDD2E24-5971-4B0F-BE02-D92972A45C9D}.Debug|Any CPU.ActiveCfg = Debug|Any CPU
		{8BDD2E24-5971-4B0F-BE02-D92972A45C9D}.Debug|Any CPU.Build.0 = Debug|Any CPU
		{8BDD2E24-5971-4B0F-BE02-D92972A45C9D}.Release|Any CPU.ActiveCfg = Release|Any CPU
		{8BDD2E24-5971-4B0F-BE02-D92972A45C9D}.Release|Any CPU.Build.0 = Release|Any CPU
		{B5D14904-39F9-46B9-94F6-0361F5845B9C}.Debug|Any CPU.ActiveCfg = Debug|Any CPU
		{B5D14904-39F9-46B9-94F6-0361F5845B9C}.Debug|Any CPU.Build.0 = Debug|Any CPU
		{B5D14904-39F9-46B9-94F6-0361F5845B9C}.Release|Any CPU.ActiveCfg = Release|Any CPU
		{B5D14904-39F9-46B9-94F6-0361F5845B9C}.Release|Any CPU.Build.0 = Release|Any CPU
		{69F2D70A-CA86-471A-86DB-1998CAE68A46}.Debug|Any CPU.ActiveCfg = Debug|Any CPU
		{69F2D70A-CA86-471A-86DB-1998CAE68A46}.Debug|Any CPU.Build.0 = Debug|Any CPU
		{69F2D70A-CA86-471A-86DB-1998CAE68A46}.Release|Any CPU.ActiveCfg = Release|Any CPU
		{69F2D70A-CA86-471A-86DB-1998CAE68A46}.Release|Any CPU.Build.0 = Release|Any CPU
		{49CE0D5F-BCE8-489D-8E66-E26A6AD0AF5B}.Debug|Any CPU.ActiveCfg = Debug|Any CPU
		{49CE0D5F-BCE8-489D-8E66-E26A6AD0AF5B}.Debug|Any CPU.Build.0 = Debug|Any CPU
		{49CE0D5F-BCE8-489D-8E66-E26A6AD0AF5B}.Release|Any CPU.ActiveCfg = Release|Any CPU
		{49CE0D5F-BCE8-489D-8E66-E26A6AD0AF5B}.Release|Any CPU.Build.0 = Release|Any CPU
		{4FBE952E-3F85-47F3-800F-6C21F08D2FB1}.Debug|Any CPU.ActiveCfg = Debug|Any CPU
		{4FBE952E-3F85-47F3-800F-6C21F08D2FB1}.Debug|Any CPU.Build.0 = Debug|Any CPU
		{4FBE952E-3F85-47F3-800F-6C21F08D2FB1}.Release|Any CPU.ActiveCfg = Release|Any CPU
		{4FBE952E-3F85-47F3-800F-6C21F08D2FB1}.Release|Any CPU.Build.0 = Release|Any CPU
		{EEC2EF02-289A-433A-95F9-BFEDC6B187F3}.Debug|Any CPU.ActiveCfg = Debug|Any CPU
		{EEC2EF02-289A-433A-95F9-BFEDC6B187F3}.Debug|Any CPU.Build.0 = Debug|Any CPU
		{EEC2EF02-289A-433A-95F9-BFEDC6B187F3}.Release|Any CPU.ActiveCfg = Release|Any CPU
		{EEC2EF02-289A-433A-95F9-BFEDC6B187F3}.Release|Any CPU.Build.0 = Release|Any CPU
	EndGlobalSection
	GlobalSection(SolutionProperties) = preSolution
		HideSolutionNode = FALSE
	EndGlobalSection
	GlobalSection(NestedProjects) = preSolution
		{3EB8E899-F8EB-4CEB-ABD4-2E698F9ECF34} = {0C0B5440-5C8C-49D5-8EA1-B6D014CCF4C0}
		{4E21750A-5216-4F7E-A15E-28CB29AC6924} = {0C0B5440-5C8C-49D5-8EA1-B6D014CCF4C0}
		{8BDD2E24-5971-4B0F-BE02-D92972A45C9D} = {0C0B5440-5C8C-49D5-8EA1-B6D014CCF4C0}
		{B5D14904-39F9-46B9-94F6-0361F5845B9C} = {0C0B5440-5C8C-49D5-8EA1-B6D014CCF4C0}
		{074102F4-294B-4AA9-AF3B-5A5F8A4FEEF4} = {1A36F1D9-6FA4-4B60-9963-8D2B4DCED65F}
		{57A28BD6-7844-4C5A-9141-E74C88716846} = {1A36F1D9-6FA4-4B60-9963-8D2B4DCED65F}
		{1F37B949-7590-4A8C-B95B-AF1330AFAA21} = {1A36F1D9-6FA4-4B60-9963-8D2B4DCED65F}
		{85862F2F-17E7-45D7-A401-BEB24A0FF4BD} = {1A36F1D9-6FA4-4B60-9963-8D2B4DCED65F}
		{69F2D70A-CA86-471A-86DB-1998CAE68A46} = {1F37B949-7590-4A8C-B95B-AF1330AFAA21}
		{49CE0D5F-BCE8-489D-8E66-E26A6AD0AF5B} = {074102F4-294B-4AA9-AF3B-5A5F8A4FEEF4}
		{4FBE952E-3F85-47F3-800F-6C21F08D2FB1} = {85862F2F-17E7-45D7-A401-BEB24A0FF4BD}
		{EEC2EF02-289A-433A-95F9-BFEDC6B187F3} = {57A28BD6-7844-4C5A-9141-E74C88716846}
	EndGlobalSection
	GlobalSection(ExtensibilityGlobals) = postSolution
		SolutionGuid = {4AEF847D-225D-4994-85B5-DD512BD88E47}
	EndGlobalSection
EndGlobal
